
Microsoft Visual Studio Solution File, Format Version 12.00
# Visual Studio Version 16
VisualStudioVersion = 16.0.28922.388
MinimumVisualStudioVersion = 10.0.40219.1
Project("{FAE04EC0-301F-11D3-BF4B-00C04F79EFBC}") = "TeadingPlatformAPI", "TeadingPlatformAPI\TeadingPlatformAPI.csproj", "{22ED45BE-7BB7-4B25-8F97-DA219F82DF4C}"
EndProject
Project("{FAE04EC0-301F-11D3-BF4B-00C04F79EFBC}") = "Model", "Model\Model.csproj", "{3FEAB064-8DB0-474F-B859-B670F303174E}"
EndProject
Project("{FAE04EC0-301F-11D3-BF4B-00C04F79EFBC}") = "DAL", "DAL\DAL.csproj", "{6F4F82CC-12CF-4751-9317-258CB7BB5A43}"
EndProject
Project("{FAE04EC0-301F-11D3-BF4B-00C04F79EFBC}") = "BLL", "BLL\BLL.csproj", "{CC29AA7B-AC69-4173-BF7D-BB109A72D363}"
EndProject
Project("{2150E333-8FDC-42A3-9474-1A3956D46DE8}") = "1.Model", "1.Model", "{68149C94-3CDF-470C-9764-C7F64B200DDE}"
EndProject
Project("{2150E333-8FDC-42A3-9474-1A3956D46DE8}") = "2.DAL", "2.DAL", "{8951C697-786C-44AE-9688-A0802E461782}"
	ProjectSection(SolutionItems) = preProject
		Model\UserInfo.cs = Model\UserInfo.cs
	EndProjectSection
EndProject
Project("{2150E333-8FDC-42A3-9474-1A3956D46DE8}") = "3.BLL", "3.BLL", "{E48A7CF5-2F13-403F-84F1-F2B9E7495A29}"
EndProject
Project("{2150E333-8FDC-42A3-9474-1A3956D46DE8}") = "4.API", "4.API", "{1CA84C7B-46C7-46E2-8EA3-20A7D19D9C41}"
EndProject
Global
	GlobalSection(SolutionConfigurationPlatforms) = preSolution
		Debug|Any CPU = Debug|Any CPU
		Release|Any CPU = Release|Any CPU
	EndGlobalSection
	GlobalSection(ProjectConfigurationPlatforms) = postSolution
		{22ED45BE-7BB7-4B25-8F97-DA219F82DF4C}.Debug|Any CPU.ActiveCfg = Debug|Any CPU
		{22ED45BE-7BB7-4B25-8F97-DA219F82DF4C}.Debug|Any CPU.Build.0 = Debug|Any CPU
		{22ED45BE-7BB7-4B25-8F97-DA219F82DF4C}.Release|Any CPU.ActiveCfg = Release|Any CPU
		{22ED45BE-7BB7-4B25-8F97-DA219F82DF4C}.Release|Any CPU.Build.0 = Release|Any CPU
		{3FEAB064-8DB0-474F-B859-B670F303174E}.Debug|Any CPU.ActiveCfg = Debug|Any CPU
		{3FEAB064-8DB0-474F-B859-B670F303174E}.Debug|Any CPU.Build.0 = Debug|Any CPU
		{3FEAB064-8DB0-474F-B859-B670F303174E}.Release|Any CPU.ActiveCfg = Release|Any CPU
		{3FEAB064-8DB0-474F-B859-B670F303174E}.Release|Any CPU.Build.0 = Release|Any CPU
		{6F4F82CC-12CF-4751-9317-258CB7BB5A43}.Debug|Any CPU.ActiveCfg = Debug|Any CPU
		{6F4F82CC-12CF-4751-9317-258CB7BB5A43}.Debug|Any CPU.Build.0 = Debug|Any CPU
		{6F4F82CC-12CF-4751-9317-258CB7BB5A43}.Release|Any CPU.ActiveCfg = Release|Any CPU
		{6F4F82CC-12CF-4751-9317-258CB7BB5A43}.Release|Any CPU.Build.0 = Release|Any CPU
		{CC29AA7B-AC69-4173-BF7D-BB109A72D363}.Debug|Any CPU.ActiveCfg = Debug|Any CPU
		{CC29AA7B-AC69-4173-BF7D-BB109A72D363}.Debug|Any CPU.Build.0 = Debug|Any CPU
		{CC29AA7B-AC69-4173-BF7D-BB109A72D363}.Release|Any CPU.ActiveCfg = Release|Any CPU
		{CC29AA7B-AC69-4173-BF7D-BB109A72D363}.Release|Any CPU.Build.0 = Release|Any CPU
	EndGlobalSection
	GlobalSection(SolutionProperties) = preSolution
		HideSolutionNode = FALSE
	EndGlobalSection
	GlobalSection(NestedProjects) = preSolution
		{22ED45BE-7BB7-4B25-8F97-DA219F82DF4C} = {1CA84C7B-46C7-46E2-8EA3-20A7D19D9C41}
		{3FEAB064-8DB0-474F-B859-B670F303174E} = {68149C94-3CDF-470C-9764-C7F64B200DDE}
		{6F4F82CC-12CF-4751-9317-258CB7BB5A43} = {8951C697-786C-44AE-9688-A0802E461782}
		{CC29AA7B-AC69-4173-BF7D-BB109A72D363} = {E48A7CF5-2F13-403F-84F1-F2B9E7495A29}
	EndGlobalSection
	GlobalSection(ExtensibilityGlobals) = postSolution
		SolutionGuid = {C4F1C165-080C-44B3-AB55-404D719BFE8E}
	EndGlobalSection
EndGlobal
